
Microsoft Visual Studio Solution File, Format Version 12.00
# Visual Studio 2013
Project("{FAE04EC0-301F-11D3-BF4B-00C04F79EFBC}") = "UnityVS.Crandell.CSharp", "UnityVS.Crandell.CSharp.csproj", "{92474C44-1CBA-6490-EF1B-B2A0BF5180F7}"
EndProject
Project("{FAE04EC0-301F-11D3-BF4B-00C04F79EFBC}") = "UnityVS.Crandell.CSharp.Editor", "UnityVS.Crandell.CSharp.Editor.csproj", "{C7F94FCD-1692-887B-8411-BC9DA161DAD1}"
EndProject
Global
	GlobalSection(SolutionConfigurationPlatforms) = preSolution
		Debug|Any CPU = Debug|Any CPU
		Release|Any CPU = Release|Any CPU
	EndGlobalSection
	GlobalSection(ProjectConfigurationPlatforms) = postSolution
		{92474C44-1CBA-6490-EF1B-B2A0BF5180F7}.Debug|Any CPU.ActiveCfg = Debug|Any CPU
		{92474C44-1CBA-6490-EF1B-B2A0BF5180F7}.Debug|Any CPU.Build.0 = Debug|Any CPU
		{92474C44-1CBA-6490-EF1B-B2A0BF5180F7}.Release|Any CPU.ActiveCfg = Release|Any CPU
		{92474C44-1CBA-6490-EF1B-B2A0BF5180F7}.Release|Any CPU.Build.0 = Release|Any CPU
		{C7F94FCD-1692-887B-8411-BC9DA161DAD1}.Debug|Any CPU.ActiveCfg = Debug|Any CPU
		{C7F94FCD-1692-887B-8411-BC9DA161DAD1}.Debug|Any CPU.Build.0 = Debug|Any CPU
		{C7F94FCD-1692-887B-8411-BC9DA161DAD1}.Release|Any CPU.ActiveCfg = Release|Any CPU
		{C7F94FCD-1692-887B-8411-BC9DA161DAD1}.Release|Any CPU.Build.0 = Release|Any CPU
	EndGlobalSection
	GlobalSection(SolutionProperties) = preSolution
		HideSolutionNode = FALSE
	EndGlobalSection
EndGlobal
